// !$*UTF8*$!
{
	archiveVersion = 1;
	classes = {
	};
	objectVersion = 56;
	objects = {

/* Begin PBXBuildFile section */
		290A03312D6CC70E00429BE9 /* PokemonRegionStruct.swift in Sources */ = {isa = PBXBuildFile; fileRef = 290A03302D6CC70E00429BE9 /* PokemonRegionStruct.swift */; };
		290A03332D6CC75D00429BE9 /* KantoMapView.swift in Sources */ = {isa = PBXBuildFile; fileRef = 290A03322D6CC75D00429BE9 /* KantoMapView.swift */; };
		290A03352D6CC93E00429BE9 /* NotificationManager.swift in Sources */ = {isa = PBXBuildFile; fileRef = 290A03342D6CC93E00429BE9 /* NotificationManager.swift */; };
		298214452D63351C0078DAD7 /* PokemonDetailsView.swift in Sources */ = {isa = PBXBuildFile; fileRef = 298214432D63351C0078DAD7 /* PokemonDetailsView.swift */; };
		298214462D63351C0078DAD7 /* PokemonListView.swift in Sources */ = {isa = PBXBuildFile; fileRef = 298214442D63351C0078DAD7 /* PokemonListView.swift */; };
		298214492D6335240078DAD7 /* PokemonListViewModel.swift in Sources */ = {isa = PBXBuildFile; fileRef = 298214472D6335240078DAD7 /* PokemonListViewModel.swift */; };
		2982144A2D6335240078DAD7 /* PokemonDetailsViewModel.swift in Sources */ = {isa = PBXBuildFile; fileRef = 298214482D6335240078DAD7 /* PokemonDetailsViewModel.swift */; };
		2982144E2D633C480078DAD7 /* PokemonDetailsStruct.swift in Sources */ = {isa = PBXBuildFile; fileRef = 2982144D2D633C480078DAD7 /* PokemonDetailsStruct.swift */; };
		620392AA2D6BF20B009DCC83 /* Theme.swift in Sources */ = {isa = PBXBuildFile; fileRef = 620392A92D6BF207009DCC83 /* Theme.swift */; };
		6215A40D2D633B0400292CA4 /* DataController.swift in Sources */ = {isa = PBXBuildFile; fileRef = 6215A40C2D633B0200292CA4 /* DataController.swift */; };
		6215A4122D633B3800292CA4 /* Pokedex.xcdatamodeld in Sources */ = {isa = PBXBuildFile; fileRef = 6215A4102D633B3800292CA4 /* Pokedex.xcdatamodeld */; };
		6215A41B2D633DBA00292CA4 /* PokemonRepository.swift in Sources */ = {isa = PBXBuildFile; fileRef = 6215A41A2D633DB400292CA4 /* PokemonRepository.swift */; };
		6215A41E2D633FD100292CA4 /* PokemonEntity+CoreDataClass.swift in Sources */ = {isa = PBXBuildFile; fileRef = 6215A41C2D633FD100292CA4 /* PokemonEntity+CoreDataClass.swift */; };
		6215A41F2D633FD100292CA4 /* PokemonEntity+CoreDataProperties.swift in Sources */ = {isa = PBXBuildFile; fileRef = 6215A41D2D633FD100292CA4 /* PokemonEntity+CoreDataProperties.swift */; };
		62C8E9362D6CC5F4006E1146 /* pokemon_solid.ttf in Resources */ = {isa = PBXBuildFile; fileRef = 62C8E9352D6CC5F4006E1146 /* pokemon_solid.ttf */; };
		A8BC32762D63206500F68F5B /* PokedexApp.swift in Sources */ = {isa = PBXBuildFile; fileRef = A8BC32752D63206500F68F5B /* PokedexApp.swift */; };
		A8BC32782D63206500F68F5B /* ContentView.swift in Sources */ = {isa = PBXBuildFile; fileRef = A8BC32772D63206500F68F5B /* ContentView.swift */; };
		A8BC327A2D63206700F68F5B /* Assets.xcassets in Resources */ = {isa = PBXBuildFile; fileRef = A8BC32792D63206700F68F5B /* Assets.xcassets */; };
		A8BC327D2D63206700F68F5B /* Preview Assets.xcassets in Resources */ = {isa = PBXBuildFile; fileRef = A8BC327C2D63206700F68F5B /* Preview Assets.xcassets */; };
		A8BC32932D632B9200F68F5B /* PokemonStruct.swift in Sources */ = {isa = PBXBuildFile; fileRef = A8BC32922D632B9200F68F5B /* PokemonStruct.swift */; };
		A8BC32972D632DB600F68F5B /* PokemonService.swift in Sources */ = {isa = PBXBuildFile; fileRef = A8BC32962D632DB600F68F5B /* PokemonService.swift */; };
		A8BC32992D632DE900F68F5B /* IdentifiableError.swift in Sources */ = {isa = PBXBuildFile; fileRef = A8BC32982D632DE900F68F5B /* IdentifiableError.swift */; };
		A8BC329B2D63386F00F68F5B /* AsyncImageView.swift in Sources */ = {isa = PBXBuildFile; fileRef = A8BC329A2D63386F00F68F5B /* AsyncImageView.swift */; };
/* End PBXBuildFile section */

/* Begin PBXFileReference section */
		290A03302D6CC70E00429BE9 /* PokemonRegionStruct.swift */ = {isa = PBXFileReference; fileEncoding = 4; lastKnownFileType = sourcecode.swift; path = PokemonRegionStruct.swift; sourceTree = "<group>"; };
		290A03322D6CC75D00429BE9 /* KantoMapView.swift */ = {isa = PBXFileReference; lastKnownFileType = sourcecode.swift; path = KantoMapView.swift; sourceTree = "<group>"; };
		290A03342D6CC93E00429BE9 /* NotificationManager.swift */ = {isa = PBXFileReference; fileEncoding = 4; lastKnownFileType = sourcecode.swift; path = NotificationManager.swift; sourceTree = "<group>"; };
		298214282D6325730078DAD7 /* Info.plist */ = {isa = PBXFileReference; lastKnownFileType = text.plist.xml; path = Info.plist; sourceTree = "<group>"; };
		298214432D63351C0078DAD7 /* PokemonDetailsView.swift */ = {isa = PBXFileReference; fileEncoding = 4; lastKnownFileType = sourcecode.swift; path = PokemonDetailsView.swift; sourceTree = "<group>"; };
		298214442D63351C0078DAD7 /* PokemonListView.swift */ = {isa = PBXFileReference; fileEncoding = 4; lastKnownFileType = sourcecode.swift; path = PokemonListView.swift; sourceTree = "<group>"; };
		298214472D6335240078DAD7 /* PokemonListViewModel.swift */ = {isa = PBXFileReference; fileEncoding = 4; lastKnownFileType = sourcecode.swift; path = PokemonListViewModel.swift; sourceTree = "<group>"; };
		298214482D6335240078DAD7 /* PokemonDetailsViewModel.swift */ = {isa = PBXFileReference; fileEncoding = 4; lastKnownFileType = sourcecode.swift; path = PokemonDetailsViewModel.swift; sourceTree = "<group>"; };
		2982144D2D633C480078DAD7 /* PokemonDetailsStruct.swift */ = {isa = PBXFileReference; lastKnownFileType = sourcecode.swift; path = PokemonDetailsStruct.swift; sourceTree = "<group>"; };
		620392A92D6BF207009DCC83 /* Theme.swift */ = {isa = PBXFileReference; lastKnownFileType = sourcecode.swift; path = Theme.swift; sourceTree = "<group>"; };
		6215A40C2D633B0200292CA4 /* DataController.swift */ = {isa = PBXFileReference; lastKnownFileType = sourcecode.swift; path = DataController.swift; sourceTree = "<group>"; };
		6215A4112D633B3800292CA4 /* Pokedex.xcdatamodel */ = {isa = PBXFileReference; lastKnownFileType = wrapper.xcdatamodel; path = Pokedex.xcdatamodel; sourceTree = "<group>"; };
		6215A41A2D633DB400292CA4 /* PokemonRepository.swift */ = {isa = PBXFileReference; lastKnownFileType = sourcecode.swift; path = PokemonRepository.swift; sourceTree = "<group>"; };
		6215A41C2D633FD100292CA4 /* PokemonEntity+CoreDataClass.swift */ = {isa = PBXFileReference; lastKnownFileType = sourcecode.swift; path = "PokemonEntity+CoreDataClass.swift"; sourceTree = "<group>"; };
		6215A41D2D633FD100292CA4 /* PokemonEntity+CoreDataProperties.swift */ = {isa = PBXFileReference; lastKnownFileType = sourcecode.swift; path = "PokemonEntity+CoreDataProperties.swift"; sourceTree = "<group>"; };
		62C8E9352D6CC5F4006E1146 /* pokemon_solid.ttf */ = {isa = PBXFileReference; lastKnownFileType = file; path = pokemon_solid.ttf; sourceTree = "<group>"; };
		A8BC32722D63206500F68F5B /* Pokedex.app */ = {isa = PBXFileReference; explicitFileType = wrapper.application; includeInIndex = 0; path = Pokedex.app; sourceTree = BUILT_PRODUCTS_DIR; };
		A8BC32752D63206500F68F5B /* PokedexApp.swift */ = {isa = PBXFileReference; lastKnownFileType = sourcecode.swift; path = PokedexApp.swift; sourceTree = "<group>"; };
		A8BC32772D63206500F68F5B /* ContentView.swift */ = {isa = PBXFileReference; lastKnownFileType = sourcecode.swift; path = ContentView.swift; sourceTree = "<group>"; };
		A8BC32792D63206700F68F5B /* Assets.xcassets */ = {isa = PBXFileReference; lastKnownFileType = folder.assetcatalog; path = Assets.xcassets; sourceTree = "<group>"; };
		A8BC327C2D63206700F68F5B /* Preview Assets.xcassets */ = {isa = PBXFileReference; lastKnownFileType = folder.assetcatalog; path = "Preview Assets.xcassets"; sourceTree = "<group>"; };
		A8BC32922D632B9200F68F5B /* PokemonStruct.swift */ = {isa = PBXFileReference; lastKnownFileType = sourcecode.swift; path = PokemonStruct.swift; sourceTree = "<group>"; };
		A8BC32962D632DB600F68F5B /* PokemonService.swift */ = {isa = PBXFileReference; lastKnownFileType = sourcecode.swift; path = PokemonService.swift; sourceTree = "<group>"; };
		A8BC32982D632DE900F68F5B /* IdentifiableError.swift */ = {isa = PBXFileReference; lastKnownFileType = sourcecode.swift; path = IdentifiableError.swift; sourceTree = "<group>"; };
		A8BC329A2D63386F00F68F5B /* AsyncImageView.swift */ = {isa = PBXFileReference; lastKnownFileType = sourcecode.swift; path = AsyncImageView.swift; sourceTree = "<group>"; };
/* End PBXFileReference section */

/* Begin PBXFrameworksBuildPhase section */
		A8BC326F2D63206500F68F5B /* Frameworks */ = {
			isa = PBXFrameworksBuildPhase;
			buildActionMask = 2147483647;
			files = (
			);
			runOnlyForDeploymentPostprocessing = 0;
		};
/* End PBXFrameworksBuildPhase section */

/* Begin PBXGroup section */
		298214392D6334670078DAD7 /* Views */ = {
			isa = PBXGroup;
			children = (
				298214432D63351C0078DAD7 /* PokemonDetailsView.swift */,
				298214442D63351C0078DAD7 /* PokemonListView.swift */,
				A8BC329A2D63386F00F68F5B /* AsyncImageView.swift */,
				290A03322D6CC75D00429BE9 /* KantoMapView.swift */,
			);
			path = Views;
			sourceTree = "<group>";
		};
		2982143A2D63346B0078DAD7 /* ViewModels */ = {
			isa = PBXGroup;
			children = (
				298214482D6335240078DAD7 /* PokemonDetailsViewModel.swift */,
				298214472D6335240078DAD7 /* PokemonListViewModel.swift */,
			);
			path = ViewModels;
			sourceTree = "<group>";
		};
		620392AB2D6BF30B009DCC83 /* Resources */ = {
			isa = PBXGroup;
			children = (
				620392AC2D6BF319009DCC83 /* Fonts */,
			);
			path = Resources;
			sourceTree = "<group>";
		};
		620392AC2D6BF319009DCC83 /* Fonts */ = {
			isa = PBXGroup;
			children = (
				62C8E9352D6CC5F4006E1146 /* pokemon_solid.ttf */,
			);
			path = Fonts;
			sourceTree = "<group>";
		};
		6215A40B2D633AFB00292CA4 /* Controllers */ = {
			isa = PBXGroup;
			children = (
				6215A40C2D633B0200292CA4 /* DataController.swift */,
			);
			path = Controllers;
			sourceTree = "<group>";
		};
		6215A4172D633D6F00292CA4 /* Repositories */ = {
			isa = PBXGroup;
			children = (
				6215A41A2D633DB400292CA4 /* PokemonRepository.swift */,
			);
			path = Repositories;
			sourceTree = "<group>";
		};
		627A64A92D6328A600CD81F5 /* Models */ = {
			isa = PBXGroup;
			children = (
				290A03302D6CC70E00429BE9 /* PokemonRegionStruct.swift */,
				A8BC32922D632B9200F68F5B /* PokemonStruct.swift */,
				A8BC32982D632DE900F68F5B /* IdentifiableError.swift */,
				2982144D2D633C480078DAD7 /* PokemonDetailsStruct.swift */,
			);
			path = Models;
			sourceTree = "<group>";
		};
		A88450CA2D6CADE60010FE8A /* Manager */ = {
			isa = PBXGroup;
			children = (
				290A03342D6CC93E00429BE9 /* NotificationManager.swift */,
			);
			path = Manager;
			sourceTree = "<group>";
		};
		A8BC32692D63206500F68F5B = {
			isa = PBXGroup;
			children = (
				6215A41C2D633FD100292CA4 /* PokemonEntity+CoreDataClass.swift */,
				6215A41D2D633FD100292CA4 /* PokemonEntity+CoreDataProperties.swift */,
				A8BC32742D63206500F68F5B /* Pokedex */,
				A8BC32732D63206500F68F5B /* Products */,
			);
			sourceTree = "<group>";
		};
		A8BC32732D63206500F68F5B /* Products */ = {
			isa = PBXGroup;
			children = (
				A8BC32722D63206500F68F5B /* Pokedex.app */,
			);
			name = Products;
			sourceTree = "<group>";
		};
		A8BC32742D63206500F68F5B /* Pokedex */ = {
			isa = PBXGroup;
			children = (
				A88450CA2D6CADE60010FE8A /* Manager */,
				620392AB2D6BF30B009DCC83 /* Resources */,
				620392A92D6BF207009DCC83 /* Theme.swift */,
				6215A4172D633D6F00292CA4 /* Repositories */,
				6215A40B2D633AFB00292CA4 /* Controllers */,
				2982143A2D63346B0078DAD7 /* ViewModels */,
				298214392D6334670078DAD7 /* Views */,
				A8BC32952D632DAB00F68F5B /* Services */,
				627A64A92D6328A600CD81F5 /* Models */,
				298214282D6325730078DAD7 /* Info.plist */,
				A8BC32752D63206500F68F5B /* PokedexApp.swift */,
				A8BC32772D63206500F68F5B /* ContentView.swift */,
				A8BC32792D63206700F68F5B /* Assets.xcassets */,
				A8BC327B2D63206700F68F5B /* Preview Content */,
				6215A4102D633B3800292CA4 /* Pokedex.xcdatamodeld */,
			);
			path = Pokedex;
			sourceTree = "<group>";
		};
		A8BC327B2D63206700F68F5B /* Preview Content */ = {
			isa = PBXGroup;
			children = (
				A8BC327C2D63206700F68F5B /* Preview Assets.xcassets */,
			);
			path = "Preview Content";
			sourceTree = "<group>";
		};
		A8BC32952D632DAB00F68F5B /* Services */ = {
			isa = PBXGroup;
			children = (
				A8BC32962D632DB600F68F5B /* PokemonService.swift */,
			);
			path = Services;
			sourceTree = "<group>";
		};
/* End PBXGroup section */

/* Begin PBXNativeTarget section */
		A8BC32712D63206500F68F5B /* Pokedex */ = {
			isa = PBXNativeTarget;
			buildConfigurationList = A8BC32852D63206700F68F5B /* Build configuration list for PBXNativeTarget "Pokedex" */;
			buildPhases = (
				A8BC326E2D63206500F68F5B /* Sources */,
				A8BC326F2D63206500F68F5B /* Frameworks */,
				A8BC32702D63206500F68F5B /* Resources */,
			);
			buildRules = (
			);
			dependencies = (
			);
			name = Pokedex;
			productName = Pokedex;
			productReference = A8BC32722D63206500F68F5B /* Pokedex.app */;
			productType = "com.apple.product-type.application";
		};
/* End PBXNativeTarget section */

/* Begin PBXProject section */
		A8BC326A2D63206500F68F5B /* Project object */ = {
			isa = PBXProject;
			attributes = {
				BuildIndependentTargetsInParallel = 1;
				LastSwiftUpdateCheck = 1500;
				LastUpgradeCheck = 1500;
				TargetAttributes = {
					A8BC32712D63206500F68F5B = {
						CreatedOnToolsVersion = 15.0.1;
					};
				};
			};
			buildConfigurationList = A8BC326D2D63206500F68F5B /* Build configuration list for PBXProject "Pokedex" */;
			compatibilityVersion = "Xcode 14.0";
			developmentRegion = en;
			hasScannedForEncodings = 0;
			knownRegions = (
				en,
				Base,
			);
			mainGroup = A8BC32692D63206500F68F5B;
			productRefGroup = A8BC32732D63206500F68F5B /* Products */;
			projectDirPath = "";
			projectRoot = "";
			targets = (
				A8BC32712D63206500F68F5B /* Pokedex */,
			);
		};
/* End PBXProject section */

/* Begin PBXResourcesBuildPhase section */
		A8BC32702D63206500F68F5B /* Resources */ = {
			isa = PBXResourcesBuildPhase;
			buildActionMask = 2147483647;
			files = (
				62C8E9362D6CC5F4006E1146 /* pokemon_solid.ttf in Resources */,
				A8BC327D2D63206700F68F5B /* Preview Assets.xcassets in Resources */,
				A8BC327A2D63206700F68F5B /* Assets.xcassets in Resources */,
			);
			runOnlyForDeploymentPostprocessing = 0;
		};
/* End PBXResourcesBuildPhase section */

/* Begin PBXSourcesBuildPhase section */
		A8BC326E2D63206500F68F5B /* Sources */ = {
			isa = PBXSourcesBuildPhase;
			buildActionMask = 2147483647;
			files = (
				298214462D63351C0078DAD7 /* PokemonListView.swift in Sources */,
				2982144E2D633C480078DAD7 /* PokemonDetailsStruct.swift in Sources */,
				290A03352D6CC93E00429BE9 /* NotificationManager.swift in Sources */,
				6215A40D2D633B0400292CA4 /* DataController.swift in Sources */,
				A8BC32782D63206500F68F5B /* ContentView.swift in Sources */,
				6215A4122D633B3800292CA4 /* Pokedex.xcdatamodeld in Sources */,
				A8BC32932D632B9200F68F5B /* PokemonStruct.swift in Sources */,
				A8BC32992D632DE900F68F5B /* IdentifiableError.swift in Sources */,
				290A03332D6CC75D00429BE9 /* KantoMapView.swift in Sources */,
				A8BC32972D632DB600F68F5B /* PokemonService.swift in Sources */,
				2982144A2D6335240078DAD7 /* PokemonDetailsViewModel.swift in Sources */,
				6215A41E2D633FD100292CA4 /* PokemonEntity+CoreDataClass.swift in Sources */,
				6215A41F2D633FD100292CA4 /* PokemonEntity+CoreDataProperties.swift in Sources */,
				6215A41B2D633DBA00292CA4 /* PokemonRepository.swift in Sources */,
				A8BC32762D63206500F68F5B /* PokedexApp.swift in Sources */,
				298214492D6335240078DAD7 /* PokemonListViewModel.swift in Sources */,
				298214452D63351C0078DAD7 /* PokemonDetailsView.swift in Sources */,
				290A03312D6CC70E00429BE9 /* PokemonRegionStruct.swift in Sources */,
				A8BC329B2D63386F00F68F5B /* AsyncImageView.swift in Sources */,
				620392AA2D6BF20B009DCC83 /* Theme.swift in Sources */,
			);
			runOnlyForDeploymentPostprocessing = 0;
		};
/* End PBXSourcesBuildPhase section */

/* Begin XCBuildConfiguration section */
		A8BC32832D63206700F68F5B /* Debug */ = {
			isa = XCBuildConfiguration;
			buildSettings = {
				ALWAYS_SEARCH_USER_PATHS = NO;
				ASSETCATALOG_COMPILER_GENERATE_SWIFT_ASSET_SYMBOL_EXTENSIONS = YES;
				CLANG_ANALYZER_NONNULL = YES;
				CLANG_ANALYZER_NUMBER_OBJECT_CONVERSION = YES_AGGRESSIVE;
				CLANG_CXX_LANGUAGE_STANDARD = "gnu++20";
				CLANG_ENABLE_MODULES = YES;
				CLANG_ENABLE_OBJC_ARC = YES;
				CLANG_ENABLE_OBJC_WEAK = YES;
				CLANG_WARN_BLOCK_CAPTURE_AUTORELEASING = YES;
				CLANG_WARN_BOOL_CONVERSION = YES;
				CLANG_WARN_COMMA = YES;
				CLANG_WARN_CONSTANT_CONVERSION = YES;
				CLANG_WARN_DEPRECATED_OBJC_IMPLEMENTATIONS = YES;
				CLANG_WARN_DIRECT_OBJC_ISA_USAGE = YES_ERROR;
				CLANG_WARN_DOCUMENTATION_COMMENTS = YES;
				CLANG_WARN_EMPTY_BODY = YES;
				CLANG_WARN_ENUM_CONVERSION = YES;
				CLANG_WARN_INFINITE_RECURSION = YES;
				CLANG_WARN_INT_CONVERSION = YES;
				CLANG_WARN_NON_LITERAL_NULL_CONVERSION = YES;
				CLANG_WARN_OBJC_IMPLICIT_RETAIN_SELF = YES;
				CLANG_WARN_OBJC_LITERAL_CONVERSION = YES;
				CLANG_WARN_OBJC_ROOT_CLASS = YES_ERROR;
				CLANG_WARN_QUOTED_INCLUDE_IN_FRAMEWORK_HEADER = YES;
				CLANG_WARN_RANGE_LOOP_ANALYSIS = YES;
				CLANG_WARN_STRICT_PROTOTYPES = YES;
				CLANG_WARN_SUSPICIOUS_MOVE = YES;
				CLANG_WARN_UNGUARDED_AVAILABILITY = YES_AGGRESSIVE;
				CLANG_WARN_UNREACHABLE_CODE = YES;
				CLANG_WARN__DUPLICATE_METHOD_MATCH = YES;
				COPY_PHASE_STRIP = NO;
				DEBUG_INFORMATION_FORMAT = dwarf;
				ENABLE_STRICT_OBJC_MSGSEND = YES;
				ENABLE_TESTABILITY = YES;
				ENABLE_USER_SCRIPT_SANDBOXING = YES;
				GCC_C_LANGUAGE_STANDARD = gnu17;
				GCC_DYNAMIC_NO_PIC = NO;
				GCC_NO_COMMON_BLOCKS = YES;
				GCC_OPTIMIZATION_LEVEL = 0;
				GCC_PREPROCESSOR_DEFINITIONS = (
					"DEBUG=1",
					"$(inherited)",
				);
				GCC_WARN_64_TO_32_BIT_CONVERSION = YES;
				GCC_WARN_ABOUT_RETURN_TYPE = YES_ERROR;
				GCC_WARN_UNDECLARED_SELECTOR = YES;
				GCC_WARN_UNINITIALIZED_AUTOS = YES_AGGRESSIVE;
				GCC_WARN_UNUSED_FUNCTION = YES;
				GCC_WARN_UNUSED_VARIABLE = YES;
				IPHONEOS_DEPLOYMENT_TARGET = 17.0;
				LOCALIZATION_PREFERS_STRING_CATALOGS = YES;
				MTL_ENABLE_DEBUG_INFO = INCLUDE_SOURCE;
				MTL_FAST_MATH = YES;
				ONLY_ACTIVE_ARCH = YES;
				SDKROOT = iphoneos;
				SWIFT_ACTIVE_COMPILATION_CONDITIONS = "DEBUG $(inherited)";
				SWIFT_OPTIMIZATION_LEVEL = "-Onone";
			};
			name = Debug;
		};
		A8BC32842D63206700F68F5B /* Release */ = {
			isa = XCBuildConfiguration;
			buildSettings = {
				ALWAYS_SEARCH_USER_PATHS = NO;
				ASSETCATALOG_COMPILER_GENERATE_SWIFT_ASSET_SYMBOL_EXTENSIONS = YES;
				CLANG_ANALYZER_NONNULL = YES;
				CLANG_ANALYZER_NUMBER_OBJECT_CONVERSION = YES_AGGRESSIVE;
				CLANG_CXX_LANGUAGE_STANDARD = "gnu++20";
				CLANG_ENABLE_MODULES = YES;
				CLANG_ENABLE_OBJC_ARC = YES;
				CLANG_ENABLE_OBJC_WEAK = YES;
				CLANG_WARN_BLOCK_CAPTURE_AUTORELEASING = YES;
				CLANG_WARN_BOOL_CONVERSION = YES;
				CLANG_WARN_COMMA = YES;
				CLANG_WARN_CONSTANT_CONVERSION = YES;
				CLANG_WARN_DEPRECATED_OBJC_IMPLEMENTATIONS = YES;
				CLANG_WARN_DIRECT_OBJC_ISA_USAGE = YES_ERROR;
				CLANG_WARN_DOCUMENTATION_COMMENTS = YES;
				CLANG_WARN_EMPTY_BODY = YES;
				CLANG_WARN_ENUM_CONVERSION = YES;
				CLANG_WARN_INFINITE_RECURSION = YES;
				CLANG_WARN_INT_CONVERSION = YES;
				CLANG_WARN_NON_LITERAL_NULL_CONVERSION = YES;
				CLANG_WARN_OBJC_IMPLICIT_RETAIN_SELF = YES;
				CLANG_WARN_OBJC_LITERAL_CONVERSION = YES;
				CLANG_WARN_OBJC_ROOT_CLASS = YES_ERROR;
				CLANG_WARN_QUOTED_INCLUDE_IN_FRAMEWORK_HEADER = YES;
				CLANG_WARN_RANGE_LOOP_ANALYSIS = YES;
				CLANG_WARN_STRICT_PROTOTYPES = YES;
				CLANG_WARN_SUSPICIOUS_MOVE = YES;
				CLANG_WARN_UNGUARDED_AVAILABILITY = YES_AGGRESSIVE;
				CLANG_WARN_UNREACHABLE_CODE = YES;
				CLANG_WARN__DUPLICATE_METHOD_MATCH = YES;
				COPY_PHASE_STRIP = NO;
				DEBUG_INFORMATION_FORMAT = "dwarf-with-dsym";
				ENABLE_NS_ASSERTIONS = NO;
				ENABLE_STRICT_OBJC_MSGSEND = YES;
				ENABLE_USER_SCRIPT_SANDBOXING = YES;
				GCC_C_LANGUAGE_STANDARD = gnu17;
				GCC_NO_COMMON_BLOCKS = YES;
				GCC_WARN_64_TO_32_BIT_CONVERSION = YES;
				GCC_WARN_ABOUT_RETURN_TYPE = YES_ERROR;
				GCC_WARN_UNDECLARED_SELECTOR = YES;
				GCC_WARN_UNINITIALIZED_AUTOS = YES_AGGRESSIVE;
				GCC_WARN_UNUSED_FUNCTION = YES;
				GCC_WARN_UNUSED_VARIABLE = YES;
				IPHONEOS_DEPLOYMENT_TARGET = 17.0;
				LOCALIZATION_PREFERS_STRING_CATALOGS = YES;
				MTL_ENABLE_DEBUG_INFO = NO;
				MTL_FAST_MATH = YES;
				SDKROOT = iphoneos;
				SWIFT_COMPILATION_MODE = wholemodule;
				VALIDATE_PRODUCT = YES;
			};
			name = Release;
		};
		A8BC32862D63206700F68F5B /* Debug */ = {
			isa = XCBuildConfiguration;
			buildSettings = {
				ASSETCATALOG_COMPILER_APPICON_NAME = AppIcon;
				ASSETCATALOG_COMPILER_GLOBAL_ACCENT_COLOR_NAME = AccentColor;
				CODE_SIGN_STYLE = Automatic;
				CURRENT_PROJECT_VERSION = 1;
				DEVELOPMENT_ASSET_PATHS = "\"Pokedex/Preview Content\"";
				ENABLE_PREVIEWS = YES;
				GENERATE_INFOPLIST_FILE = YES;
				INFOPLIST_FILE = Pokedex/Info.plist;
				INFOPLIST_KEY_UIApplicationSceneManifest_Generation = YES;
				INFOPLIST_KEY_UIApplicationSupportsIndirectInputEvents = YES;
				INFOPLIST_KEY_UILaunchScreen_Generation = YES;
				INFOPLIST_KEY_UISupportedInterfaceOrientations_iPad = "UIInterfaceOrientationPortrait UIInterfaceOrientationPortraitUpsideDown UIInterfaceOrientationLandscapeLeft UIInterfaceOrientationLandscapeRight";
				INFOPLIST_KEY_UISupportedInterfaceOrientations_iPhone = "UIInterfaceOrientationPortrait UIInterfaceOrientationLandscapeLeft UIInterfaceOrientationLandscapeRight";
				LD_RUNPATH_SEARCH_PATHS = (
					"$(inherited)",
					"@executable_path/Frameworks",
				);
				MARKETING_VERSION = 1.0;
				PRODUCT_BUNDLE_IDENTIFIER = dydy.Pokedex;
				PRODUCT_NAME = "$(TARGET_NAME)";
				SWIFT_EMIT_LOC_STRINGS = YES;
				SWIFT_VERSION = 5.0;
				TARGETED_DEVICE_FAMILY = "1,2";
			};
			name = Debug;
		};
		A8BC32872D63206700F68F5B /* Release */ = {
			isa = XCBuildConfiguration;
			buildSettings = {
				ASSETCATALOG_COMPILER_APPICON_NAME = AppIcon;
				ASSETCATALOG_COMPILER_GLOBAL_ACCENT_COLOR_NAME = AccentColor;
				CODE_SIGN_STYLE = Automatic;
				CURRENT_PROJECT_VERSION = 1;
				DEVELOPMENT_ASSET_PATHS = "\"Pokedex/Preview Content\"";
				ENABLE_PREVIEWS = YES;
				GENERATE_INFOPLIST_FILE = YES;
				INFOPLIST_FILE = Pokedex/Info.plist;
				INFOPLIST_KEY_UIApplicationSceneManifest_Generation = YES;
				INFOPLIST_KEY_UIApplicationSupportsIndirectInputEvents = YES;
				INFOPLIST_KEY_UILaunchScreen_Generation = YES;
				INFOPLIST_KEY_UISupportedInterfaceOrientations_iPad = "UIInterfaceOrientationPortrait UIInterfaceOrientationPortraitUpsideDown UIInterfaceOrientationLandscapeLeft UIInterfaceOrientationLandscapeRight";
				INFOPLIST_KEY_UISupportedInterfaceOrientations_iPhone = "UIInterfaceOrientationPortrait UIInterfaceOrientationLandscapeLeft UIInterfaceOrientationLandscapeRight";
				LD_RUNPATH_SEARCH_PATHS = (
					"$(inherited)",
					"@executable_path/Frameworks",
				);
				MARKETING_VERSION = 1.0;
				PRODUCT_BUNDLE_IDENTIFIER = dydy.Pokedex;
				PRODUCT_NAME = "$(TARGET_NAME)";
				SWIFT_EMIT_LOC_STRINGS = YES;
				SWIFT_VERSION = 5.0;
				TARGETED_DEVICE_FAMILY = "1,2";
			};
			name = Release;
		};
/* End XCBuildConfiguration section */

/* Begin XCConfigurationList section */
		A8BC326D2D63206500F68F5B /* Build configuration list for PBXProject "Pokedex" */ = {
			isa = XCConfigurationList;
			buildConfigurations = (
				A8BC32832D63206700F68F5B /* Debug */,
				A8BC32842D63206700F68F5B /* Release */,
			);
			defaultConfigurationIsVisible = 0;
			defaultConfigurationName = Release;
		};
		A8BC32852D63206700F68F5B /* Build configuration list for PBXNativeTarget "Pokedex" */ = {
			isa = XCConfigurationList;
			buildConfigurations = (
				A8BC32862D63206700F68F5B /* Debug */,
				A8BC32872D63206700F68F5B /* Release */,
			);
			defaultConfigurationIsVisible = 0;
			defaultConfigurationName = Release;
		};
/* End XCConfigurationList section */

/* Begin XCVersionGroup section */
		6215A4102D633B3800292CA4 /* Pokedex.xcdatamodeld */ = {
			isa = XCVersionGroup;
			children = (
				6215A4112D633B3800292CA4 /* Pokedex.xcdatamodel */,
			);
			currentVersion = 6215A4112D633B3800292CA4 /* Pokedex.xcdatamodel */;
			path = Pokedex.xcdatamodeld;
			sourceTree = "<group>";
			versionGroupType = wrapper.xcdatamodel;
		};
/* End XCVersionGroup section */
	};
	rootObject = A8BC326A2D63206500F68F5B /* Project object */;
}
